
Microsoft Visual Studio Solution File, Format Version 12.00
# Visual Studio 14
VisualStudioVersion = 14.0.25420.1
MinimumVisualStudioVersion = 10.0.40219.1
Project("{FAE04EC0-301F-11D3-BF4B-00C04F79EFBC}") = "BookProject", "BookProject\BookProject.csproj", "{50F36500-9B46-4A87-9749-EBD76983F1A5}"
EndProject
Project("{FAE04EC0-301F-11D3-BF4B-00C04F79EFBC}") = "BookProject.Tests", "BookProject.Tests\BookProject.Tests.csproj", "{603A0EC6-3F19-491A-9257-5CE482860102}"
EndProject
Global
	GlobalSection(SolutionConfigurationPlatforms) = preSolution
		Debug|Any CPU = Debug|Any CPU
		Release|Any CPU = Release|Any CPU
	EndGlobalSection
	GlobalSection(ProjectConfigurationPlatforms) = postSolution
		{50F36500-9B46-4A87-9749-EBD76983F1A5}.Debug|Any CPU.ActiveCfg = Debug|Any CPU
		{50F36500-9B46-4A87-9749-EBD76983F1A5}.Debug|Any CPU.Build.0 = Debug|Any CPU
		{50F36500-9B46-4A87-9749-EBD76983F1A5}.Release|Any CPU.ActiveCfg = Release|Any CPU
		{50F36500-9B46-4A87-9749-EBD76983F1A5}.Release|Any CPU.Build.0 = Release|Any CPU
		{603A0EC6-3F19-491A-9257-5CE482860102}.Debug|Any CPU.ActiveCfg = Debug|Any CPU
		{603A0EC6-3F19-491A-9257-5CE482860102}.Debug|Any CPU.Build.0 = Debug|Any CPU
		{603A0EC6-3F19-491A-9257-5CE482860102}.Release|Any CPU.ActiveCfg = Release|Any CPU
		{603A0EC6-3F19-491A-9257-5CE482860102}.Release|Any CPU.Build.0 = Release|Any CPU
	EndGlobalSection
	GlobalSection(SolutionProperties) = preSolution
		HideSolutionNode = FALSE
	EndGlobalSection
EndGlobal
